
Microsoft Visual Studio Solution File, Format Version 12.00
Project("{FAE04EC0-301F-11D3-BF4B-00C04F79EFBC}") = "UdpBus", "UdpBus\UdpBus.csproj", "{B384199F-B139-4AA2-930B-A90558491525}"
EndProject
Project("{FAE04EC0-301F-11D3-BF4B-00C04F79EFBC}") = "UdpBusDriver", "UdpBusDriver\UdpBusDriver.csproj", "{A5670D28-3F75-4EDF-A381-72725C7870A0}"
EndProject
Global
	GlobalSection(SolutionConfigurationPlatforms) = preSolution
		Debug|Any CPU = Debug|Any CPU
		Release|Any CPU = Release|Any CPU
	EndGlobalSection
	GlobalSection(ProjectConfigurationPlatforms) = postSolution
		{B384199F-B139-4AA2-930B-A90558491525}.Debug|Any CPU.ActiveCfg = Debug|Any CPU
		{B384199F-B139-4AA2-930B-A90558491525}.Debug|Any CPU.Build.0 = Debug|Any CPU
		{B384199F-B139-4AA2-930B-A90558491525}.Release|Any CPU.ActiveCfg = Release|Any CPU
		{B384199F-B139-4AA2-930B-A90558491525}.Release|Any CPU.Build.0 = Release|Any CPU
		{A5670D28-3F75-4EDF-A381-72725C7870A0}.Debug|Any CPU.ActiveCfg = Debug|Any CPU
		{A5670D28-3F75-4EDF-A381-72725C7870A0}.Debug|Any CPU.Build.0 = Debug|Any CPU
		{A5670D28-3F75-4EDF-A381-72725C7870A0}.Release|Any CPU.ActiveCfg = Release|Any CPU
		{A5670D28-3F75-4EDF-A381-72725C7870A0}.Release|Any CPU.Build.0 = Release|Any CPU
	EndGlobalSection
EndGlobal
